
Microsoft Visual Studio Solution File, Format Version 12.00
# Visual Studio Version 17
VisualStudioVersion = 17.0.31903.59
MinimumVisualStudioVersion = 10.0.40219.1
Project("{2150E333-8FDC-42A3-9474-1A3956D46DE8}") = "src", "src", "{827E0CD3-B72D-47B6-A68D-7590B98EB39B}"
EndProject
Project("{FAE04EC0-301F-11D3-BF4B-00C04F79EFBC}") = "ManLearning.Web", "src\ManLearning.Web\ManLearning.Web.csproj", "{79B5B6BE-D8AE-4E14-8D4A-CC96E0DA5AC4}"
EndProject
Project("{FAE04EC0-301F-11D3-BF4B-00C04F79EFBC}") = "ManLearning.Application", "src\ManLearning.Application\ManLearning.Application.csproj", "{339D8A8E-C525-496E-A962-DC94849A595A}"
EndProject
Project("{FAE04EC0-301F-11D3-BF4B-00C04F79EFBC}") = "ManLearning.Domain", "src\ManLearning.Domain\ManLearning.Domain.csproj", "{98AE472C-ADF0-4100-993F-F370ADE379F4}"
EndProject
Project("{FAE04EC0-301F-11D3-BF4B-00C04F79EFBC}") = "ManLearning.Infrastructure", "src\ManLearning.Infrastructure\ManLearning.Infrastructure.csproj", "{90B89BD1-C748-4069-919B-2AAC43C1867F}"
EndProject
Project("{FAE04EC0-301F-11D3-BF4B-00C04F79EFBC}") = "ManLearning.Shared", "src\ManLearning.Shared\ManLearning.Shared.csproj", "{3797F953-25BC-46A5-B0BE-2B1617ABDB31}"
EndProject
Project("{2150E333-8FDC-42A3-9474-1A3956D46DE8}") = "tests", "tests", "{0AB3BF05-4346-4AA6-1389-037BE0695223}"
EndProject
Project("{FAE04EC0-301F-11D3-BF4B-00C04F79EFBC}") = "ManLearning.Application.Tests", "tests\ManLearning.Application.Tests\ManLearning.Application.Tests.csproj", "{010A4FD6-1FE8-40E0-A65C-6834103DDCE5}"
EndProject
Project("{FAE04EC0-301F-11D3-BF4B-00C04F79EFBC}") = "ManLearning.Domain.Tests", "tests\ManLearning.Domain.Tests\ManLearning.Domain.Tests.csproj", "{2CCB8E8E-673D-4BD7-B61F-27FC1F8BEB63}"
EndProject
Project("{FAE04EC0-301F-11D3-BF4B-00C04F79EFBC}") = "ManLearning.Infrastructure.Tests", "tests\ManLearning.Infrastructure.Tests\ManLearning.Infrastructure.Tests.csproj", "{2EDDA678-F8A1-4E93-8E74-14212A2049EA}"
EndProject
Global
	GlobalSection(SolutionConfigurationPlatforms) = preSolution
		Debug|Any CPU = Debug|Any CPU
		Debug|x64 = Debug|x64
		Debug|x86 = Debug|x86
		Release|Any CPU = Release|Any CPU
		Release|x64 = Release|x64
		Release|x86 = Release|x86
	EndGlobalSection
	GlobalSection(ProjectConfigurationPlatforms) = postSolution
		{79B5B6BE-D8AE-4E14-8D4A-CC96E0DA5AC4}.Debug|Any CPU.ActiveCfg = Debug|Any CPU
		{79B5B6BE-D8AE-4E14-8D4A-CC96E0DA5AC4}.Debug|Any CPU.Build.0 = Debug|Any CPU
		{79B5B6BE-D8AE-4E14-8D4A-CC96E0DA5AC4}.Debug|x64.ActiveCfg = Debug|Any CPU
		{79B5B6BE-D8AE-4E14-8D4A-CC96E0DA5AC4}.Debug|x64.Build.0 = Debug|Any CPU
		{79B5B6BE-D8AE-4E14-8D4A-CC96E0DA5AC4}.Debug|x86.ActiveCfg = Debug|Any CPU
		{79B5B6BE-D8AE-4E14-8D4A-CC96E0DA5AC4}.Debug|x86.Build.0 = Debug|Any CPU
		{79B5B6BE-D8AE-4E14-8D4A-CC96E0DA5AC4}.Release|Any CPU.ActiveCfg = Release|Any CPU
		{79B5B6BE-D8AE-4E14-8D4A-CC96E0DA5AC4}.Release|Any CPU.Build.0 = Release|Any CPU
		{79B5B6BE-D8AE-4E14-8D4A-CC96E0DA5AC4}.Release|x64.ActiveCfg = Release|Any CPU
		{79B5B6BE-D8AE-4E14-8D4A-CC96E0DA5AC4}.Release|x64.Build.0 = Release|Any CPU
		{79B5B6BE-D8AE-4E14-8D4A-CC96E0DA5AC4}.Release|x86.ActiveCfg = Release|Any CPU
		{79B5B6BE-D8AE-4E14-8D4A-CC96E0DA5AC4}.Release|x86.Build.0 = Release|Any CPU
		{339D8A8E-C525-496E-A962-DC94849A595A}.Debug|Any CPU.ActiveCfg = Debug|Any CPU
		{339D8A8E-C525-496E-A962-DC94849A595A}.Debug|Any CPU.Build.0 = Debug|Any CPU
		{339D8A8E-C525-496E-A962-DC94849A595A}.Debug|x64.ActiveCfg = Debug|Any CPU
		{339D8A8E-C525-496E-A962-DC94849A595A}.Debug|x64.Build.0 = Debug|Any CPU
		{339D8A8E-C525-496E-A962-DC94849A595A}.Debug|x86.ActiveCfg = Debug|Any CPU
		{339D8A8E-C525-496E-A962-DC94849A595A}.Debug|x86.Build.0 = Debug|Any CPU
		{339D8A8E-C525-496E-A962-DC94849A595A}.Release|Any CPU.ActiveCfg = Release|Any CPU
		{339D8A8E-C525-496E-A962-DC94849A595A}.Release|Any CPU.Build.0 = Release|Any CPU
		{339D8A8E-C525-496E-A962-DC94849A595A}.Release|x64.ActiveCfg = Release|Any CPU
		{339D8A8E-C525-496E-A962-DC94849A595A}.Release|x64.Build.0 = Release|Any CPU
		{339D8A8E-C525-496E-A962-DC94849A595A}.Release|x86.ActiveCfg = Release|Any CPU
		{339D8A8E-C525-496E-A962-DC94849A595A}.Release|x86.Build.0 = Release|Any CPU
		{98AE472C-ADF0-4100-993F-F370ADE379F4}.Debug|Any CPU.ActiveCfg = Debug|Any CPU
		{98AE472C-ADF0-4100-993F-F370ADE379F4}.Debug|Any CPU.Build.0 = Debug|Any CPU
		{98AE472C-ADF0-4100-993F-F370ADE379F4}.Debug|x64.ActiveCfg = Debug|Any CPU
		{98AE472C-ADF0-4100-993F-F370ADE379F4}.Debug|x64.Build.0 = Debug|Any CPU
		{98AE472C-ADF0-4100-993F-F370ADE379F4}.Debug|x86.ActiveCfg = Debug|Any CPU
		{98AE472C-ADF0-4100-993F-F370ADE379F4}.Debug|x86.Build.0 = Debug|Any CPU
		{98AE472C-ADF0-4100-993F-F370ADE379F4}.Release|Any CPU.ActiveCfg = Release|Any CPU
		{98AE472C-ADF0-4100-993F-F370ADE379F4}.Release|Any CPU.Build.0 = Release|Any CPU
		{98AE472C-ADF0-4100-993F-F370ADE379F4}.Release|x64.ActiveCfg = Release|Any CPU
		{98AE472C-ADF0-4100-993F-F370ADE379F4}.Release|x64.Build.0 = Release|Any CPU
		{98AE472C-ADF0-4100-993F-F370ADE379F4}.Release|x86.ActiveCfg = Release|Any CPU
		{98AE472C-ADF0-4100-993F-F370ADE379F4}.Release|x86.Build.0 = Release|Any CPU
		{90B89BD1-C748-4069-919B-2AAC43C1867F}.Debug|Any CPU.ActiveCfg = Debug|Any CPU
		{90B89BD1-C748-4069-919B-2AAC43C1867F}.Debug|Any CPU.Build.0 = Debug|Any CPU
		{90B89BD1-C748-4069-919B-2AAC43C1867F}.Debug|x64.ActiveCfg = Debug|Any CPU
		{90B89BD1-C748-4069-919B-2AAC43C1867F}.Debug|x64.Build.0 = Debug|Any CPU
		{90B89BD1-C748-4069-919B-2AAC43C1867F}.Debug|x86.ActiveCfg = Debug|Any CPU
		{90B89BD1-C748-4069-919B-2AAC43C1867F}.Debug|x86.Build.0 = Debug|Any CPU
		{90B89BD1-C748-4069-919B-2AAC43C1867F}.Release|Any CPU.ActiveCfg = Release|Any CPU
		{90B89BD1-C748-4069-919B-2AAC43C1867F}.Release|Any CPU.Build.0 = Release|Any CPU
		{90B89BD1-C748-4069-919B-2AAC43C1867F}.Release|x64.ActiveCfg = Release|Any CPU
		{90B89BD1-C748-4069-919B-2AAC43C1867F}.Release|x64.Build.0 = Release|Any CPU
		{90B89BD1-C748-4069-919B-2AAC43C1867F}.Release|x86.ActiveCfg = Release|Any CPU
		{90B89BD1-C748-4069-919B-2AAC43C1867F}.Release|x86.Build.0 = Release|Any CPU
		{3797F953-25BC-46A5-B0BE-2B1617ABDB31}.Debug|Any CPU.ActiveCfg = Debug|Any CPU
		{3797F953-25BC-46A5-B0BE-2B1617ABDB31}.Debug|Any CPU.Build.0 = Debug|Any CPU
		{3797F953-25BC-46A5-B0BE-2B1617ABDB31}.Debug|x64.ActiveCfg = Debug|Any CPU
		{3797F953-25BC-46A5-B0BE-2B1617ABDB31}.Debug|x64.Build.0 = Debug|Any CPU
		{3797F953-25BC-46A5-B0BE-2B1617ABDB31}.Debug|x86.ActiveCfg = Debug|Any CPU
		{3797F953-25BC-46A5-B0BE-2B1617ABDB31}.Debug|x86.Build.0 = Debug|Any CPU
		{3797F953-25BC-46A5-B0BE-2B1617ABDB31}.Release|Any CPU.ActiveCfg = Release|Any CPU
		{3797F953-25BC-46A5-B0BE-2B1617ABDB31}.Release|Any CPU.Build.0 = Release|Any CPU
		{3797F953-25BC-46A5-B0BE-2B1617ABDB31}.Release|x64.ActiveCfg = Release|Any CPU
		{3797F953-25BC-46A5-B0BE-2B1617ABDB31}.Release|x64.Build.0 = Release|Any CPU
		{3797F953-25BC-46A5-B0BE-2B1617ABDB31}.Release|x86.ActiveCfg = Release|Any CPU
		{3797F953-25BC-46A5-B0BE-2B1617ABDB31}.Release|x86.Build.0 = Release|Any CPU
		{010A4FD6-1FE8-40E0-A65C-6834103DDCE5}.Debug|Any CPU.ActiveCfg = Debug|Any CPU
		{010A4FD6-1FE8-40E0-A65C-6834103DDCE5}.Debug|Any CPU.Build.0 = Debug|Any CPU
		{010A4FD6-1FE8-40E0-A65C-6834103DDCE5}.Debug|x64.ActiveCfg = Debug|Any CPU
		{010A4FD6-1FE8-40E0-A65C-6834103DDCE5}.Debug|x64.Build.0 = Debug|Any CPU
		{010A4FD6-1FE8-40E0-A65C-6834103DDCE5}.Debug|x86.ActiveCfg = Debug|Any CPU
		{010A4FD6-1FE8-40E0-A65C-6834103DDCE5}.Debug|x86.Build.0 = Debug|Any CPU
		{010A4FD6-1FE8-40E0-A65C-6834103DDCE5}.Release|Any CPU.ActiveCfg = Release|Any CPU
		{010A4FD6-1FE8-40E0-A65C-6834103DDCE5}.Release|Any CPU.Build.0 = Release|Any CPU
		{010A4FD6-1FE8-40E0-A65C-6834103DDCE5}.Release|x64.ActiveCfg = Release|Any CPU
		{010A4FD6-1FE8-40E0-A65C-6834103DDCE5}.Release|x64.Build.0 = Release|Any CPU
		{010A4FD6-1FE8-40E0-A65C-6834103DDCE5}.Release|x86.ActiveCfg = Release|Any CPU
		{010A4FD6-1FE8-40E0-A65C-6834103DDCE5}.Release|x86.Build.0 = Release|Any CPU
		{2CCB8E8E-673D-4BD7-B61F-27FC1F8BEB63}.Debug|Any CPU.ActiveCfg = Debug|Any CPU
		{2CCB8E8E-673D-4BD7-B61F-27FC1F8BEB63}.Debug|Any CPU.Build.0 = Debug|Any CPU
		{2CCB8E8E-673D-4BD7-B61F-27FC1F8BEB63}.Debug|x64.ActiveCfg = Debug|Any CPU
		{2CCB8E8E-673D-4BD7-B61F-27FC1F8BEB63}.Debug|x64.Build.0 = Debug|Any CPU
		{2CCB8E8E-673D-4BD7-B61F-27FC1F8BEB63}.Debug|x86.ActiveCfg = Debug|Any CPU
		{2CCB8E8E-673D-4BD7-B61F-27FC1F8BEB63}.Debug|x86.Build.0 = Debug|Any CPU
		{2CCB8E8E-673D-4BD7-B61F-27FC1F8BEB63}.Release|Any CPU.ActiveCfg = Release|Any CPU
		{2CCB8E8E-673D-4BD7-B61F-27FC1F8BEB63}.Release|Any CPU.Build.0 = Release|Any CPU
		{2CCB8E8E-673D-4BD7-B61F-27FC1F8BEB63}.Release|x64.ActiveCfg = Release|Any CPU
		{2CCB8E8E-673D-4BD7-B61F-27FC1F8BEB63}.Release|x64.Build.0 = Release|Any CPU
		{2CCB8E8E-673D-4BD7-B61F-27FC1F8BEB63}.Release|x86.ActiveCfg = Release|Any CPU
		{2CCB8E8E-673D-4BD7-B61F-27FC1F8BEB63}.Release|x86.Build.0 = Release|Any CPU
		{2EDDA678-F8A1-4E93-8E74-14212A2049EA}.Debug|Any CPU.ActiveCfg = Debug|Any CPU
		{2EDDA678-F8A1-4E93-8E74-14212A2049EA}.Debug|Any CPU.Build.0 = Debug|Any CPU
		{2EDDA678-F8A1-4E93-8E74-14212A2049EA}.Debug|x64.ActiveCfg = Debug|Any CPU
		{2EDDA678-F8A1-4E93-8E74-14212A2049EA}.Debug|x64.Build.0 = Debug|Any CPU
		{2EDDA678-F8A1-4E93-8E74-14212A2049EA}.Debug|x86.ActiveCfg = Debug|Any CPU
		{2EDDA678-F8A1-4E93-8E74-14212A2049EA}.Debug|x86.Build.0 = Debug|Any CPU
		{2EDDA678-F8A1-4E93-8E74-14212A2049EA}.Release|Any CPU.ActiveCfg = Release|Any CPU
		{2EDDA678-F8A1-4E93-8E74-14212A2049EA}.Release|Any CPU.Build.0 = Release|Any CPU
		{2EDDA678-F8A1-4E93-8E74-14212A2049EA}.Release|x64.ActiveCfg = Release|Any CPU
		{2EDDA678-F8A1-4E93-8E74-14212A2049EA}.Release|x64.Build.0 = Release|Any CPU
		{2EDDA678-F8A1-4E93-8E74-14212A2049EA}.Release|x86.ActiveCfg = Release|Any CPU
		{2EDDA678-F8A1-4E93-8E74-14212A2049EA}.Release|x86.Build.0 = Release|Any CPU
	EndGlobalSection
	GlobalSection(SolutionProperties) = preSolution
		HideSolutionNode = FALSE
	EndGlobalSection
	GlobalSection(NestedProjects) = preSolution
		{79B5B6BE-D8AE-4E14-8D4A-CC96E0DA5AC4} = {827E0CD3-B72D-47B6-A68D-7590B98EB39B}
		{339D8A8E-C525-496E-A962-DC94849A595A} = {827E0CD3-B72D-47B6-A68D-7590B98EB39B}
		{98AE472C-ADF0-4100-993F-F370ADE379F4} = {827E0CD3-B72D-47B6-A68D-7590B98EB39B}
		{90B89BD1-C748-4069-919B-2AAC43C1867F} = {827E0CD3-B72D-47B6-A68D-7590B98EB39B}
		{3797F953-25BC-46A5-B0BE-2B1617ABDB31} = {827E0CD3-B72D-47B6-A68D-7590B98EB39B}
		{010A4FD6-1FE8-40E0-A65C-6834103DDCE5} = {0AB3BF05-4346-4AA6-1389-037BE0695223}
		{2CCB8E8E-673D-4BD7-B61F-27FC1F8BEB63} = {0AB3BF05-4346-4AA6-1389-037BE0695223}
		{2EDDA678-F8A1-4E93-8E74-14212A2049EA} = {0AB3BF05-4346-4AA6-1389-037BE0695223}
	EndGlobalSection
EndGlobal
